// !$*UTF8*$!
{
	archiveVersion = 1;
	classes = {
	};
	objectVersion = 50;
	objects = {

/* Begin PBXBuildFile section */
		4753C46F233E79F6008674B4 /* CryptoAPI.swift in Sources */ = {isa = PBXBuildFile; fileRef = 4753C46E233E79F6008674B4 /* CryptoAPI.swift */; };
		47AF97572331592A004F51C4 /* AppDelegate.swift in Sources */ = {isa = PBXBuildFile; fileRef = 47AF97562331592A004F51C4 /* AppDelegate.swift */; };
		47AF97592331592A004F51C4 /* ViewController.swift in Sources */ = {isa = PBXBuildFile; fileRef = 47AF97582331592A004F51C4 /* ViewController.swift */; };
		47AF975B2331592D004F51C4 /* Assets.xcassets in Resources */ = {isa = PBXBuildFile; fileRef = 47AF975A2331592D004F51C4 /* Assets.xcassets */; };
		47AF975E2331592D004F51C4 /* Main.storyboard in Resources */ = {isa = PBXBuildFile; fileRef = 47AF975C2331592D004F51C4 /* Main.storyboard */; };
		47AF97672331A632004F51C4 /* StatusMenuController.swift in Sources */ = {isa = PBXBuildFile; fileRef = 47AF97662331A632004F51C4 /* StatusMenuController.swift */; };
		47D92A282363335200734062 /* Response.swift in Sources */ = {isa = PBXBuildFile; fileRef = 47D92A272363335200734062 /* Response.swift */; };
		47F2A8592362140400C1DDB6 /* Coin.swift in Sources */ = {isa = PBXBuildFile; fileRef = 47F2A8582362140400C1DDB6 /* Coin.swift */; };
/* End PBXBuildFile section */

/* Begin PBXFileReference section */
		4753C46E233E79F6008674B4 /* CryptoAPI.swift */ = {isa = PBXFileReference; lastKnownFileType = sourcecode.swift; path = CryptoAPI.swift; sourceTree = "<group>"; };
		47AF97532331592A004F51C4 /* TaskBar-Crypto.app */ = {isa = PBXFileReference; explicitFileType = wrapper.application; includeInIndex = 0; path = "TaskBar-Crypto.app"; sourceTree = BUILT_PRODUCTS_DIR; };
		47AF97562331592A004F51C4 /* AppDelegate.swift */ = {isa = PBXFileReference; lastKnownFileType = sourcecode.swift; path = AppDelegate.swift; sourceTree = "<group>"; };
		47AF97582331592A004F51C4 /* ViewController.swift */ = {isa = PBXFileReference; lastKnownFileType = sourcecode.swift; path = ViewController.swift; sourceTree = "<group>"; };
		47AF975A2331592D004F51C4 /* Assets.xcassets */ = {isa = PBXFileReference; lastKnownFileType = folder.assetcatalog; path = Assets.xcassets; sourceTree = "<group>"; };
		47AF975D2331592D004F51C4 /* Base */ = {isa = PBXFileReference; lastKnownFileType = file.storyboard; name = Base; path = Base.lproj/Main.storyboard; sourceTree = "<group>"; };
		47AF975F2331592D004F51C4 /* Info.plist */ = {isa = PBXFileReference; lastKnownFileType = text.plist.xml; path = Info.plist; sourceTree = "<group>"; };
		47AF97602331592D004F51C4 /* TaskBar_Crypto.entitlements */ = {isa = PBXFileReference; lastKnownFileType = text.plist.entitlements; path = TaskBar_Crypto.entitlements; sourceTree = "<group>"; };
		47AF97662331A632004F51C4 /* StatusMenuController.swift */ = {isa = PBXFileReference; lastKnownFileType = sourcecode.swift; path = StatusMenuController.swift; sourceTree = "<group>"; };
		47D92A272363335200734062 /* Response.swift */ = {isa = PBXFileReference; lastKnownFileType = sourcecode.swift; path = Response.swift; sourceTree = "<group>"; };
		47F2A8582362140400C1DDB6 /* Coin.swift */ = {isa = PBXFileReference; lastKnownFileType = sourcecode.swift; path = Coin.swift; sourceTree = "<group>"; };
/* End PBXFileReference section */

/* Begin PBXFrameworksBuildPhase section */
		47AF97502331592A004F51C4 /* Frameworks */ = {
			isa = PBXFrameworksBuildPhase;
			buildActionMask = 2147483647;
			files = (
			);
			runOnlyForDeploymentPostprocessing = 0;
		};
/* End PBXFrameworksBuildPhase section */

/* Begin PBXGroup section */
		47AF974A2331592A004F51C4 = {
			isa = PBXGroup;
			children = (
				47AF97552331592A004F51C4 /* TaskBar-Crypto */,
				47AF97542331592A004F51C4 /* Products */,
			);
			sourceTree = "<group>";
		};
		47AF97542331592A004F51C4 /* Products */ = {
			isa = PBXGroup;
			children = (
				47AF97532331592A004F51C4 /* TaskBar-Crypto.app */,
			);
			name = Products;
			sourceTree = "<group>";
		};
		47AF97552331592A004F51C4 /* TaskBar-Crypto */ = {
			isa = PBXGroup;
			children = (
				47F2A8582362140400C1DDB6 /* Coin.swift */,
				47D92A272363335200734062 /* Response.swift */,
				4753C46E233E79F6008674B4 /* CryptoAPI.swift */,
				47AF97562331592A004F51C4 /* AppDelegate.swift */,
				47AF97662331A632004F51C4 /* StatusMenuController.swift */,
				47AF97582331592A004F51C4 /* ViewController.swift */,
				47AF975A2331592D004F51C4 /* Assets.xcassets */,
				47AF975C2331592D004F51C4 /* Main.storyboard */,
				47AF975F2331592D004F51C4 /* Info.plist */,
				47AF97602331592D004F51C4 /* TaskBar_Crypto.entitlements */,
			);
			path = "TaskBar-Crypto";
			sourceTree = "<group>";
		};
/* End PBXGroup section */

/* Begin PBXNativeTarget section */
		47AF97522331592A004F51C4 /* TaskBar-Crypto */ = {
			isa = PBXNativeTarget;
			buildConfigurationList = 47AF97632331592D004F51C4 /* Build configuration list for PBXNativeTarget "TaskBar-Crypto" */;
			buildPhases = (
				47AF974F2331592A004F51C4 /* Sources */,
				47AF97502331592A004F51C4 /* Frameworks */,
				47AF97512331592A004F51C4 /* Resources */,
			);
			buildRules = (
			);
			dependencies = (
			);
			name = "TaskBar-Crypto";
			productName = "TaskBar-Crypto";
			productReference = 47AF97532331592A004F51C4 /* TaskBar-Crypto.app */;
			productType = "com.apple.product-type.application";
		};
/* End PBXNativeTarget section */

/* Begin PBXProject section */
		47AF974B2331592A004F51C4 /* Project object */ = {
			isa = PBXProject;
			attributes = {
				LastSwiftUpdateCheck = 1030;
				LastUpgradeCheck = 1030;
				ORGANIZATIONNAME = "Sanal Bhatia";
				TargetAttributes = {
					47AF97522331592A004F51C4 = {
						CreatedOnToolsVersion = 10.3;
						SystemCapabilities = {
							com.apple.Sandbox = {
								enabled = 0;
							};
						};
					};
				};
			};
			buildConfigurationList = 47AF974E2331592A004F51C4 /* Build configuration list for PBXProject "TaskBar-Crypto" */;
			compatibilityVersion = "Xcode 9.3";
			developmentRegion = en;
			hasScannedForEncodings = 0;
			knownRegions = (
				en,
				Base,
			);
			mainGroup = 47AF974A2331592A004F51C4;
			productRefGroup = 47AF97542331592A004F51C4 /* Products */;
			projectDirPath = "";
			projectRoot = "";
			targets = (
				47AF97522331592A004F51C4 /* TaskBar-Crypto */,
			);
		};
/* End PBXProject section */

/* Begin PBXResourcesBuildPhase section */
		47AF97512331592A004F51C4 /* Resources */ = {
			isa = PBXResourcesBuildPhase;
			buildActionMask = 2147483647;
			files = (
				47AF975B2331592D004F51C4 /* Assets.xcassets in Resources */,
				47AF975E2331592D004F51C4 /* Main.storyboard in Resources */,
			);
			runOnlyForDeploymentPostprocessing = 0;
		};
/* End PBXResourcesBuildPhase section */

/* Begin PBXSourcesBuildPhase section */
		47AF974F2331592A004F51C4 /* Sources */ = {
			isa = PBXSourcesBuildPhase;
			buildActionMask = 2147483647;
			files = (
				47AF97672331A632004F51C4 /* StatusMenuController.swift in Sources */,
				4753C46F233E79F6008674B4 /* CryptoAPI.swift in Sources */,
				47AF97592331592A004F51C4 /* ViewController.swift in Sources */,
				47F2A8592362140400C1DDB6 /* Coin.swift in Sources */,
				47D92A282363335200734062 /* Response.swift in Sources */,
				47AF97572331592A004F51C4 /* AppDelegate.swift in Sources */,
			);
			runOnlyForDeploymentPostprocessing = 0;
		};
/* End PBXSourcesBuildPhase section */

/* Begin PBXVariantGroup section */
		47AF975C2331592D004F51C4 /* Main.storyboard */ = {
			isa = PBXVariantGroup;
			children = (
				47AF975D2331592D004F51C4 /* Base */,
			);
			name = Main.storyboard;
			sourceTree = "<group>";
		};
/* End PBXVariantGroup section */

/* Begin XCBuildConfiguration section */
		47AF97612331592D004F51C4 /* Debug */ = {
			isa = XCBuildConfiguration;
			buildSettings = {
				ALWAYS_SEARCH_USER_PATHS = NO;
				CLANG_ANALYZER_NONNULL = YES;
				CLANG_ANALYZER_NUMBER_OBJECT_CONVERSION = YES_AGGRESSIVE;
				CLANG_CXX_LANGUAGE_STANDARD = "gnu++14";
				CLANG_CXX_LIBRARY = "libc++";
				CLANG_ENABLE_MODULES = YES;
				CLANG_ENABLE_OBJC_ARC = YES;
				CLANG_ENABLE_OBJC_WEAK = YES;
				CLANG_WARN_BLOCK_CAPTURE_AUTORELEASING = YES;
				CLANG_WARN_BOOL_CONVERSION = YES;
				CLANG_WARN_COMMA = YES;
				CLANG_WARN_CONSTANT_CONVERSION = YES;
				CLANG_WARN_DEPRECATED_OBJC_IMPLEMENTATIONS = YES;
				CLANG_WARN_DIRECT_OBJC_ISA_USAGE = YES_ERROR;
				CLANG_WARN_DOCUMENTATION_COMMENTS = YES;
				CLANG_WARN_EMPTY_BODY = YES;
				CLANG_WARN_ENUM_CONVERSION = YES;
				CLANG_WARN_INFINITE_RECURSION = YES;
				CLANG_WARN_INT_CONVERSION = YES;
				CLANG_WARN_NON_LITERAL_NULL_CONVERSION = YES;
				CLANG_WARN_OBJC_IMPLICIT_RETAIN_SELF = YES;
				CLANG_WARN_OBJC_LITERAL_CONVERSION = YES;
				CLANG_WARN_OBJC_ROOT_CLASS = YES_ERROR;
				CLANG_WARN_RANGE_LOOP_ANALYSIS = YES;
				CLANG_WARN_STRICT_PROTOTYPES = YES;
				CLANG_WARN_SUSPICIOUS_MOVE = YES;
				CLANG_WARN_UNGUARDED_AVAILABILITY = YES_AGGRESSIVE;
				CLANG_WARN_UNREACHABLE_CODE = YES;
				CLANG_WARN__DUPLICATE_METHOD_MATCH = YES;
				CODE_SIGN_IDENTITY = "-";
				COPY_PHASE_STRIP = NO;
				DEBUG_INFORMATION_FORMAT = dwarf;
				ENABLE_STRICT_OBJC_MSGSEND = YES;
				ENABLE_TESTABILITY = YES;
				GCC_C_LANGUAGE_STANDARD = gnu11;
				GCC_DYNAMIC_NO_PIC = NO;
				GCC_NO_COMMON_BLOCKS = YES;
				GCC_OPTIMIZATION_LEVEL = 0;
				GCC_PREPROCESSOR_DEFINITIONS = (
					"DEBUG=1",
					"$(inherited)",
				);
				GCC_WARN_64_TO_32_BIT_CONVERSION = YES;
				GCC_WARN_ABOUT_RETURN_TYPE = YES_ERROR;
				GCC_WARN_UNDECLARED_SELECTOR = YES;
				GCC_WARN_UNINITIALIZED_AUTOS = YES_AGGRESSIVE;
				GCC_WARN_UNUSED_FUNCTION = YES;
				GCC_WARN_UNUSED_VARIABLE = YES;
				MACOSX_DEPLOYMENT_TARGET = 10.14;
				MTL_ENABLE_DEBUG_INFO = INCLUDE_SOURCE;
				MTL_FAST_MATH = YES;
				ONLY_ACTIVE_ARCH = YES;
				SDKROOT = macosx;
				SWIFT_ACTIVE_COMPILATION_CONDITIONS = DEBUG;
				SWIFT_OPTIMIZATION_LEVEL = "-Onone";
			};
			name = Debug;
		};
		47AF97622331592D004F51C4 /* Release */ = {
			isa = XCBuildConfiguration;
			buildSettings = {
				ALWAYS_SEARCH_USER_PATHS = NO;
				CLANG_ANALYZER_NONNULL = YES;
				CLANG_ANALYZER_NUMBER_OBJECT_CONVERSION = YES_AGGRESSIVE;
				CLANG_CXX_LANGUAGE_STANDARD = "gnu++14";
				CLANG_CXX_LIBRARY = "libc++";
				CLANG_ENABLE_MODULES = YES;
				CLANG_ENABLE_OBJC_ARC = YES;
				CLANG_ENABLE_OBJC_WEAK = YES;
				CLANG_WARN_BLOCK_CAPTURE_AUTORELEASING = YES;
				CLANG_WARN_BOOL_CONVERSION = YES;
				CLANG_WARN_COMMA = YES;
				CLANG_WARN_CONSTANT_CONVERSION = YES;
				CLANG_WARN_DEPRECATED_OBJC_IMPLEMENTATIONS = YES;
				CLANG_WARN_DIRECT_OBJC_ISA_USAGE = YES_ERROR;
				CLANG_WARN_DOCUMENTATION_COMMENTS = YES;
				CLANG_WARN_EMPTY_BODY = YES;
				CLANG_WARN_ENUM_CONVERSION = YES;
				CLANG_WARN_INFINITE_RECURSION = YES;
				CLANG_WARN_INT_CONVERSION = YES;
				CLANG_WARN_NON_LITERAL_NULL_CONVERSION = YES;
				CLANG_WARN_OBJC_IMPLICIT_RETAIN_SELF = YES;
				CLANG_WARN_OBJC_LITERAL_CONVERSION = YES;
				CLANG_WARN_OBJC_ROOT_CLASS = YES_ERROR;
				CLANG_WARN_RANGE_LOOP_ANALYSIS = YES;
				CLANG_WARN_STRICT_PROTOTYPES = YES;
				CLANG_WARN_SUSPICIOUS_MOVE = YES;
				CLANG_WARN_UNGUARDED_AVAILABILITY = YES_AGGRESSIVE;
				CLANG_WARN_UNREACHABLE_CODE = YES;
				CLANG_WARN__DUPLICATE_METHOD_MATCH = YES;
				CODE_SIGN_IDENTITY = "-";
				COPY_PHASE_STRIP = NO;
				DEBUG_INFORMATION_FORMAT = "dwarf-with-dsym";
				ENABLE_NS_ASSERTIONS = NO;
				ENABLE_STRICT_OBJC_MSGSEND = YES;
				GCC_C_LANGUAGE_STANDARD = gnu11;
				GCC_NO_COMMON_BLOCKS = YES;
				GCC_WARN_64_TO_32_BIT_CONVERSION = YES;
				GCC_WARN_ABOUT_RETURN_TYPE = YES_ERROR;
				GCC_WARN_UNDECLARED_SELECTOR = YES;
				GCC_WARN_UNINITIALIZED_AUTOS = YES_AGGRESSIVE;
				GCC_WARN_UNUSED_FUNCTION = YES;
				GCC_WARN_UNUSED_VARIABLE = YES;
				MACOSX_DEPLOYMENT_TARGET = 10.14;
				MTL_ENABLE_DEBUG_INFO = NO;
				MTL_FAST_MATH = YES;
				SDKROOT = macosx;
				SWIFT_COMPILATION_MODE = wholemodule;
				SWIFT_OPTIMIZATION_LEVEL = "-O";
			};
			name = Release;
		};
		47AF97642331592D004F51C4 /* Debug */ = {
			isa = XCBuildConfiguration;
			buildSettings = {
				ASSETCATALOG_COMPILER_APPICON_NAME = AppIcon;
				CODE_SIGN_STYLE = Automatic;
				COMBINE_HIDPI_IMAGES = YES;
				INFOPLIST_FILE = "TaskBar-Crypto/Info.plist";
				LD_RUNPATH_SEARCH_PATHS = (
					"$(inherited)",
					"@executable_path/../Frameworks",
				);
				PRODUCT_BUNDLE_IDENTIFIER = "com.sb.TaskBar-Crypto";
				PRODUCT_NAME = "$(TARGET_NAME)";
				SWIFT_VERSION = 5.0;
			};
			name = Debug;
		};
		47AF97652331592D004F51C4 /* Release */ = {
			isa = XCBuildConfiguration;
			buildSettings = {
				ASSETCATALOG_COMPILER_APPICON_NAME = AppIcon;
				CODE_SIGN_STYLE = Automatic;
				COMBINE_HIDPI_IMAGES = YES;
				INFOPLIST_FILE = "TaskBar-Crypto/Info.plist";
				LD_RUNPATH_SEARCH_PATHS = (
					"$(inherited)",
					"@executable_path/../Frameworks",
				);
				PRODUCT_BUNDLE_IDENTIFIER = "com.sb.TaskBar-Crypto";
				PRODUCT_NAME = "$(TARGET_NAME)";
				SWIFT_VERSION = 5.0;
			};
			name = Release;
		};
/* End XCBuildConfiguration section */

/* Begin XCConfigurationList section */
		47AF974E2331592A004F51C4 /* Build configuration list for PBXProject "TaskBar-Crypto" */ = {
			isa = XCConfigurationList;
			buildConfigurations = (
				47AF97612331592D004F51C4 /* Debug */,
				47AF97622331592D004F51C4 /* Release */,
			);
			defaultConfigurationIsVisible = 0;
			defaultConfigurationName = Release;
		};
		47AF97632331592D004F51C4 /* Build configuration list for PBXNativeTarget "TaskBar-Crypto" */ = {
			isa = XCConfigurationList;
			buildConfigurations = (
				47AF97642331592D004F51C4 /* Debug */,
				47AF97652331592D004F51C4 /* Release */,
			);
			defaultConfigurationIsVisible = 0;
			defaultConfigurationName = Release;
		};
/* End XCConfigurationList section */
	};
	rootObject = 47AF974B2331592A004F51C4 /* Project object */;
}
